
Microsoft Visual Studio Solution File, Format Version 12.00
# Visual Studio Version 16
VisualStudioVersion = 16.0.32228.343
MinimumVisualStudioVersion = 10.0.40219.1
Project("{FAE04EC0-301F-11D3-BF4B-00C04F79EFBC}") = "ClassesAndRecords", "ClassesAndRecords\ClassesAndRecords.csproj", "{43BCE064-7CE1-4ABB-8D4A-0ED5B9089DE0}"
EndProject
Global
	GlobalSection(SolutionConfigurationPlatforms) = preSolution
		Debug|Any CPU = Debug|Any CPU
		Release|Any CPU = Release|Any CPU
	EndGlobalSection
	GlobalSection(ProjectConfigurationPlatforms) = postSolution
		{43BCE064-7CE1-4ABB-8D4A-0ED5B9089DE0}.Debug|Any CPU.ActiveCfg = Debug|Any CPU
		{43BCE064-7CE1-4ABB-8D4A-0ED5B9089DE0}.Debug|Any CPU.Build.0 = Debug|Any CPU
		{43BCE064-7CE1-4ABB-8D4A-0ED5B9089DE0}.Release|Any CPU.ActiveCfg = Release|Any CPU
		{43BCE064-7CE1-4ABB-8D4A-0ED5B9089DE0}.Release|Any CPU.Build.0 = Release|Any CPU
	EndGlobalSection
	GlobalSection(SolutionProperties) = preSolution
		HideSolutionNode = FALSE
	EndGlobalSection
	GlobalSection(ExtensibilityGlobals) = postSolution
		SolutionGuid = {C63A7174-8527-4A37-AD61-181955D33CC7}
	EndGlobalSection
EndGlobal
